
Microsoft Visual Studio Solution File, Format Version 12.00
# Visual Studio Version 17
VisualStudioVersion = 17.10.35027.167
MinimumVisualStudioVersion = 10.0.40219.1
Project("{FAE04EC0-301F-11D3-BF4B-00C04F79EFBC}") = "PeruAPI", "PeruAPI\PeruAPI.csproj", "{71C55E68-70BA-46F1-B8D0-1917F0725B6A}"
EndProject
Global
	GlobalSection(SolutionConfigurationPlatforms) = preSolution
		Debug|Any CPU = Debug|Any CPU
		Release|Any CPU = Release|Any CPU
	EndGlobalSection
	GlobalSection(ProjectConfigurationPlatforms) = postSolution
		{71C55E68-70BA-46F1-B8D0-1917F0725B6A}.Debug|Any CPU.ActiveCfg = Debug|Any CPU
		{71C55E68-70BA-46F1-B8D0-1917F0725B6A}.Debug|Any CPU.Build.0 = Debug|Any CPU
		{71C55E68-70BA-46F1-B8D0-1917F0725B6A}.Release|Any CPU.ActiveCfg = Release|Any CPU
		{71C55E68-70BA-46F1-B8D0-1917F0725B6A}.Release|Any CPU.Build.0 = Release|Any CPU
	EndGlobalSection
	GlobalSection(SolutionProperties) = preSolution
		HideSolutionNode = FALSE
	EndGlobalSection
	GlobalSection(ExtensibilityGlobals) = postSolution
		SolutionGuid = {A1388677-F696-4450-B296-04C682EA4BB4}
	EndGlobalSection
EndGlobal
